
Microsoft Visual Studio Solution File, Format Version 12.00
# Visual Studio Version 17
VisualStudioVersion = 17.5.33424.131
MinimumVisualStudioVersion = 10.0.40219.1
Project("{FAE04EC0-301F-11D3-BF4B-00C04F79EFBC}") = "BuberBreakfast", "BuberBreakfast.csproj", "{90B7645A-12FB-4007-A28A-1DDF8D84ABEF}"
EndProject
Project("{FAE04EC0-301F-11D3-BF4B-00C04F79EFBC}") = "BuberBreakfast.Contracts", "..\BuberBreakfast.Contracts\BuberBreakfast.Contracts.csproj", "{DD248405-6ED2-42A2-810B-4945BF78D060}"
EndProject
Global
	GlobalSection(SolutionConfigurationPlatforms) = preSolution
		Debug|Any CPU = Debug|Any CPU
		Release|Any CPU = Release|Any CPU
	EndGlobalSection
	GlobalSection(ProjectConfigurationPlatforms) = postSolution
		{90B7645A-12FB-4007-A28A-1DDF8D84ABEF}.Debug|Any CPU.ActiveCfg = Debug|Any CPU
		{90B7645A-12FB-4007-A28A-1DDF8D84ABEF}.Debug|Any CPU.Build.0 = Debug|Any CPU
		{90B7645A-12FB-4007-A28A-1DDF8D84ABEF}.Release|Any CPU.ActiveCfg = Release|Any CPU
		{90B7645A-12FB-4007-A28A-1DDF8D84ABEF}.Release|Any CPU.Build.0 = Release|Any CPU
		{DD248405-6ED2-42A2-810B-4945BF78D060}.Debug|Any CPU.ActiveCfg = Debug|Any CPU
		{DD248405-6ED2-42A2-810B-4945BF78D060}.Debug|Any CPU.Build.0 = Debug|Any CPU
		{DD248405-6ED2-42A2-810B-4945BF78D060}.Release|Any CPU.ActiveCfg = Release|Any CPU
		{DD248405-6ED2-42A2-810B-4945BF78D060}.Release|Any CPU.Build.0 = Release|Any CPU
	EndGlobalSection
	GlobalSection(SolutionProperties) = preSolution
		HideSolutionNode = FALSE
	EndGlobalSection
	GlobalSection(ExtensibilityGlobals) = postSolution
		SolutionGuid = {60D19162-C3DD-4501-B325-0A43F1D9B62C}
	EndGlobalSection
EndGlobal
